# This file is automatically @generated by Poetry 2.4.1 and should not be changed by hand.

[[package]]
name = "asgiref"
version = "3.12.1"
description = "ASGI specs, helper code, and adapters"
optional = false
python-versions = ">=3.10"
groups = ["main"]
files = [
    {file = "asgiref-3.12.1-py3-none-any.whl", hash = "sha256:fe386d1c2bff7259ea95929266d12a8cf9a8b5a1c2598402967d8792e7a7c094"},
    {file = "asgiref-3.12.1.tar.gz", hash = "sha256:59dcb51c272ad209d59bed5708a64a333083e86017d7fcdd67498eeab7784340"},
]

[package.extras]
mypy = ["mypy (>=1.14.0)"]
tests = ["pytest", "pytest-asyncio"]

[[package]]
name = "colorama"
version = "0.4.6"
description = "Cross-platform colored terminal text."
optional = false
python-versions = "!=3.0.*,!=3.1.*,!=3.2.*,!=3.3.*,!=3.4.*,!=3.5.*,!=3.6.*,>=2.7"
groups = ["dev"]
files = [
    {file = "colorama-0.4.6-py2.py3-none-any.whl", hash = "sha256:4f1d9991f5acc0ca119f9d443620b77f9d6b33703e51011c16baf57afb285fc6"},
    {file = "colorama-0.4.6.tar.gz", hash = "sha256:08695f5cb7ed6e0531a20572697297273c47b8cae5a63ffc6d6ed5c201be6e44"},
]

[[package]]
name = "django"
version = "6.1.2"
description = "A high-level Python web framework that encourages rapid development and clean, pragmatic design."
optional = false
python-versions = ">=3.12"
groups = ["main"]
files = [
    {file = "django-6.1.2-py3-none-any.whl", hash = "sha256:141efee6ec64d1db6db90683bf734c550102450f444fb099063b0be1bd27d991"},
    {file = "django-6.1.2.tar.gz", hash = "sha256:a1e92451ccb8b514e91bbb3b6d186d20b4030558f116b5d9de6535455ff210b7"},
]

[package.dependencies]
asgiref = ">=3.9.1"
sqlparse = ">=0.5.0"
tzdata = {version = "*", markers = "sys_platform == \"win32\""}

[package.extras]
argon2 = ["argon2-cffi (>=23.1.0)"]
bcrypt = ["bcrypt (>=4.1.1)"]

[[package]]
name = "djangorestframework"
version = "3.18.3"
description = "Web APIs for Django, made easy."
optional = false
python-versions = ">=3.10"
groups = ["main"]
files = [
    {file = "djangorestframework-3.18.3-py3-none-any.whl", hash = "sha256:8544bb674846731b1e3c9b309236ee1dc412905a0aa725be2ec193ca950a7d12"},
    {file = "djangorestframework-3.18.3.tar.gz", hash = "sha256:446a9b352e7eff630421ab3f2328bd2401b109a9470afa4a31189994911ed030"},
]

[package.dependencies]
django = ">=5.2"

[[package]]
name = "iniconfig"
version = "2.3.1"
description = "brain-dead simple config-ini parsing"
optional = false
python-versions = ">=3.10"
groups = ["dev"]
files = [
    {file = "iniconfig-2.3.1-py3-none-any.whl", hash = "sha256:9121e2c1fdb355232495be3194c8dfe87ccc2d5dee45947b78e68f499790d7a7"},
    {file = "iniconfig-2.3.1.tar.gz", hash = "sha256:67f4b9c50da0dedf52af349e7749a80a9057a5031199791b906c3bb3ae878960"},
]

[[package]]
name = "mslex"
version = "1.3.0"
description = "shlex for windows"
optional = false
python-versions = ">=3.5"
groups = ["dev"]
markers = "sys_platform == \"win32\""
files = [
    {file = "mslex-1.3.0-py3-none-any.whl", hash = "sha256:c7074b347201b3466fc077c5692fbce9b5f62a63a51f537a53fbbd02eff2eea4"},
    {file = "mslex-1.3.0.tar.gz", hash = "sha256:641c887d1d3db610eee2af37a8e5abda3f70b3006cdfd2d0d29dc0d1ae28a85d"},
]

[[package]]
name = "packaging"
version = "26.3"
description = "Core utilities for Python packages"
optional = false
python-versions = ">=3.9"
groups = ["dev"]
files = [
    {file = "packaging-26.3-py3-none-any.whl", hash = "sha256:d7193f7c8e4e93f444fde0262bf90af30e16fa0ad0ad44cb553c87339b23cd1c"},
    {file = "packaging-26.3.tar.gz", hash = "sha256:94edc256424af38762eb31306eed28beb9f0efc50a8837492c9d6fd6004aed79"},
]

[[package]]
name = "pluggy"
version = "1.6.0"
description = "plugin and hook calling mechanisms for python"
optional = false
python-versions = ">=3.9"
groups = ["dev"]
files = [
    {file = "pluggy-1.6.0-py3-none-any.whl", hash = "sha256:e920276dd6813095e9377c0bc5566d94c932c33b27a3e3945d8389c374dd4746"},
    {file = "pluggy-1.6.0.tar.gz", hash = "sha256:7dcc130b76258d33b90f61b658791dede3486c3e6bfb003ee5c9bfb396dd22f3"},
]

[package.extras]
dev = ["pre-commit", "tox"]
testing = ["coverage", "pytest", "pytest-benchmark"]

[[package]]
name = "psutil"
version = "6.1.1"
description = "Cross-platform lib for process and system monitoring in Python."
optional = false
python-versions = "!=3.0.*,!=3.1.*,!=3.2.*,!=3.3.*,!=3.4.*,!=3.5.*,>=2.7"
groups = ["dev"]
files = [
    {file = "psutil-6.1.1-cp27-cp27m-macosx_10_9_x86_64.whl", hash = "sha256:9ccc4316f24409159897799b83004cb1e24f9819b0dcf9c0b68bdcb6cefee6a8"},
    {file = "psutil-6.1.1-cp27-cp27m-manylinux2010_i686.whl", hash = "sha256:ca9609c77ea3b8481ab005da74ed894035936223422dc591d6772b147421f777"},
    {file = "psutil-6.1.1-cp27-cp27m-manylinux2010_x86_64.whl", hash = "sha256:8df0178ba8a9e5bc84fed9cfa61d54601b371fbec5c8eebad27575f1e105c0d4"},
    {file = "psutil-6.1.1-cp27-cp27mu-manylinux2010_i686.whl", hash = "sha256:1924e659d6c19c647e763e78670a05dbb7feaf44a0e9c94bf9e14dfc6ba50468"},
    {file = "psutil-6.1.1-cp27-cp27mu-manylinux2010_x86_64.whl", hash = "sha256:018aeae2af92d943fdf1da6b58665124897cfc94faa2ca92098838f83e1b1bca"},
    {file = "psutil-6.1.1-cp27-none-win32.whl", hash = "sha256:6d4281f5bbca041e2292be3380ec56a9413b790579b8e593b1784499d0005dac"},
    {file = "psutil-6.1.1-cp27-none-win_amd64.whl", hash = "sha256:c777eb75bb33c47377c9af68f30e9f11bc78e0f07fbf907be4a5d70b2fe5f030"},
    {file = "psutil-6.1.1-cp36-abi3-macosx_10_9_x86_64.whl", hash = "sha256:fc0ed7fe2231a444fc219b9c42d0376e0a9a1a72f16c5cfa0f68d19f1a0663e8"},
    {file = "psutil-6.1.1-cp36-abi3-macosx_11_0_arm64.whl", hash = "sha256:0bdd4eab935276290ad3cb718e9809412895ca6b5b334f5a9111ee6d9aff9377"},
    {file = "psutil-6.1.1-cp36-abi3-manylinux_2_12_i686.manylinux2010_i686.manylinux_2_17_i686.manylinux2014_i686.whl", hash = "sha256:b6e06c20c05fe95a3d7302d74e7097756d4ba1247975ad6905441ae1b5b66003"},
    {file = "psutil-6.1.1-cp36-abi3-manylinux_2_12_x86_64.manylinux2010_x86_64.manylinux_2_17_x86_64.manylinux2014_x86_64.whl", hash = "sha256:97f7cb9921fbec4904f522d972f0c0e1f4fabbdd4e0287813b21215074a0f160"},
    {file = "psutil-6.1.1-cp36-abi3-manylinux_2_17_aarch64.manylinux2014_aarch64.whl", hash = "sha256:33431e84fee02bc84ea36d9e2c4a6d395d479c9dd9bba2376c1f6ee8f3a4e0b3"},
    {file = "psutil-6.1.1-cp36-cp36m-win32.whl", hash = "sha256:384636b1a64b47814437d1173be1427a7c83681b17a450bfc309a1953e329603"},
    {file = "psutil-6.1.1-cp36-cp36m-win_amd64.whl", hash = "sha256:8be07491f6ebe1a693f17d4f11e69d0dc1811fa082736500f649f79df7735303"},
    {file = "psutil-6.1.1-cp37-abi3-win32.whl", hash = "sha256:eaa912e0b11848c4d9279a93d7e2783df352b082f40111e078388701fd479e53"},
    {file = "psutil-6.1.1-cp37-abi3-win_amd64.whl", hash = "sha256:f35cfccb065fff93529d2afb4a2e89e363fe63ca1e4a5da22b603a85833c2649"},
    {file = "psutil-6.1.1.tar.gz", hash = "sha256:cf8496728c18f2d0b45198f06895be52f36611711746b7f30c464b422b50e2f5"},
]

[package.extras]
dev = ["abi3audit", "black", "check-manifest", "coverage", "packaging", "pylint", "pyperf", "pypinfo", "pytest-cov", "requests", "rstcheck", "ruff", "sphinx", "sphinx_rtd_theme", "toml-sort", "twine", "virtualenv", "vulture", "wheel"]
test = ["pytest", "pytest-xdist", "setuptools"]

[[package]]
name = "psycopg2-binary"
version = "2.9.13"
description = "psycopg2 - Python-PostgreSQL Database Adapter"
optional = false
python-versions = ">=3.10"
groups = ["main"]
files = [
    {file = "psycopg2_binary-2.9.13-cp310-cp310-macosx_10_9_x86_64.whl", hash = "sha256:c519e406287085f43aa0d3061936edf1ba51286093532f215315c6ab8ba92c3b"},
    {file = "psycopg2_binary-2.9.13-cp310-cp310-macosx_11_0_arm64.whl", hash = "sha256:086659ab083119f7ee87a779e31b94211cf162b708fc9a6bec771f75c73ac3e6"},
    {file = "psycopg2_binary-2.9.13-cp310-cp310-manylinux2014_ppc64le.manylinux_2_17_ppc64le.whl", hash = "sha256:1f4c7bdbafdf9dc018efbc29213b73f8308332888ba76a4cf503f560bfd21705"},
    {file = "psycopg2_binary-2.9.13-cp310-cp310-manylinux2014_x86_64.manylinux_2_17_x86_64.whl", hash = "sha256:d2fc9342aad969b9a28490a4c3eaba94b35beb2d26e9a39b31d1430378aa71b2"},
    {file = "psycopg2_binary-2.9.13-cp310-cp310-manylinux_2_27_aarch64.manylinux_2_28_aarch64.whl", hash = "sha256:f124954a32640dfb5c000d33028f48053930d7ff226bc74cde5fb316f9c6fcb6"},
    {file = "psycopg2_binary-2.9.13-cp310-cp310-manylinux_2_38_riscv64.manylinux_2_39_riscv64.whl", hash = "sha256:c24c98fe1a113db287dfb1958771eafca97b7db812f23b7897c2a12b6b904c22"},
    {file = "psycopg2_binary-2.9.13-cp310-cp310-musllinux_1_2_aarch64.whl", hash = "sha256:f4cdfe41149dcc5583a3b7a2f0ad433f75bb3afd1c7a7332e63df89b05e34666"},
    {file = "psycopg2_binary-2.9.13-cp310-cp310-musllinux_1_2_ppc64le.whl", hash = "sha256:33a6d3c47f9655b481b2cdc1b4bf71c235e054e55663d3066036b6ce5fbe5165"},
    {file = "psycopg2_binary-2.9.13-cp310-cp310-musllinux_1_2_riscv64.whl", hash = "sha256:202dedd5cadb3e5dfd4d0415ab2fc5d5b44f4208de5308938e3e74ae222b638e"},
    {file = "psycopg2_binary-2.9.13-cp310-cp310-musllinux_1_2_x86_64.whl", hash = "sha256:db31cf7f617a51625f1473d8a66fc35dac159af8b28e80bc014ed3ee994a9fbf"},
    {file = "psycopg2_binary-2.9.13-cp310-cp310-win_amd64.whl", hash = "sha256:28eb30bf4a52c1117406f45771038faa96f882fdeeeb0ce43b960a1dbc6c1fd2"},
    {file = "psycopg2_binary-2.9.13-cp311-cp311-macosx_10_9_x86_64.whl", hash = "sha256:d19aec88857d2a52f99eefcefdbbb45921fb2f777bee5186a355a23d9cf8a0b9"},
    {file = "psycopg2_binary-2.9.13-cp311-cp311-macosx_11_0_arm64.whl", hash = "sha256:32cd049095135d2b69e824aea9056745a4aaaa9115a9febbc65584793665d0d0"},
    {file = "psycopg2_binary-2.9.13-cp311-cp311-manylinux2014_ppc64le.manylinux_2_17_ppc64le.whl", hash = "sha256:6e696297891b56ff0115f0665de6ad774e1e301e4f60745b8d5024001ae7c2f6"},
    {file = "psycopg2_binary-2.9.13-cp311-cp311-manylinux2014_x86_64.manylinux_2_17_x86_64.whl", hash = "sha256:930e7e58b33a4f9c39e7532d7a40147925cf3372baed4229cbebe0cf3ba9ce6b"},
    {file = "psycopg2_binary-2.9.13-cp311-cp311-manylinux_2_27_aarch64.manylinux_2_28_aarch64.whl", hash = "sha256:3aea95340825f5ff236e7b40f0b5602c2c77a1e95943f71fae34909834043d29"},
    {file = "psycopg2_binary-2.9.13-cp311-cp311-manylinux_2_38_riscv64.manylinux_2_39_riscv64.whl", hash = "sha256:27e539b4cafd5e03dcd32921db1b12dd72fe549dd06bae6d4d2a5b5838465f24"},
    {file = "psycopg2_binary-2.9.13-cp311-cp311-musllinux_1_2_aarch64.whl", hash = "sha256:0a6444ac48e2c04f691c2ddd542b38ba30c89463a2d446b3d74ec7d8fc90c964"},
    {file = "psycopg2_binary-2.9.13-cp311-cp311-musllinux_1_2_ppc64le.whl", hash = "sha256:8cb734989420c18ca1b71a82da880e11988f5ff3fcdaadd669161de3e98794ac"},
    {file = "psycopg2_binary-2.9.13-cp311-cp311-musllinux_1_2_riscv64.whl", hash = "sha256:f47f23db2d70db39cfb714b64fd5df76595b51b2ec0a669710a78f2dceb0c3f8"},
    {file = "psycopg2_binary-2.9.13-cp311-cp311-musllinux_1_2_x86_64.whl", hash = "sha256:f28b5f2fa8154d0d97e97a664136f58d1639ca008d45d6e09e69fff24826abee"},
    {file = "psycopg2_binary-2.9.13-cp311-cp311-win_amd64.whl", hash = "sha256:70d091f5c3a6177fac50c0da20181ce0e0c053f1e43c872d5f75bd6d9429c020"},
    {file = "psycopg2_binary-2.9.13-cp312-cp312-macosx_10_13_x86_64.whl", hash = "sha256:2bf9f97a6df69a5d89d054b8cf5257a0916096c479800715fbfe7974dbcb3a26"},
    {file = "psycopg2_binary-2.9.13-cp312-cp312-macosx_11_0_arm64.whl", hash = "sha256:07b7bd9f410650c34c3532162cc329f112368d78a3fc8668cb1ea9df61bc11bf"},
    {file = "psycopg2_binary-2.9.13-cp312-cp312-manylinux2014_ppc64le.manylinux_2_17_ppc64le.whl", hash = "sha256:0463c00f946517f3e69192a59e6601e023ff9de45ad0a875eda3d6b1bebeb7ce"},
    {file = "psycopg2_binary-2.9.13-cp312-cp312-manylinux2014_x86_64.manylinux_2_17_x86_64.whl", hash = "sha256:e3861eba31f8ea8663fd876166b032fd89179e42aa63764d6feb281f13f9eb60"},
    {file = "psycopg2_binary-2.9.13-cp312-cp312-manylinux_2_27_aarch64.manylinux_2_28_aarch64.whl", hash = "sha256:3dc3372b3731b3ef23407fe06b94f640ef87a2bda242fa386033d5589c87514a"},
    {file = "psycopg2_binary-2.9.13-cp312-cp312-manylinux_2_38_riscv64.manylinux_2_39_riscv64.whl", hash = "sha256:0405dd4d97720e7ab177aa02e493f524907c4cb3c445ac173e2627948d3d0528"},
    {file = "psycopg2_binary-2.9.13-cp312-cp312-musllinux_1_2_aarch64.whl", hash = "sha256:b6ae51708201f501a171b02419d0c30878a743c369c9054eb1289f0f8d5979e2"},
    {file = "psycopg2_binary-2.9.13-cp312-cp312-musllinux_1_2_ppc64le.whl", hash = "sha256:81682c227cc1849c4a6adf7b85274229073bb4c9d6ad5697222c695dcea5a8a7"},
    {file = "psycopg2_binary-2.9.13-cp312-cp312-musllinux_1_2_riscv64.whl", hash = "sha256:13d955f6054a705a19554364fe9888d0a6e8b0746dc7ebc08a447c7b4fd4145c"},
    {file = "psycopg2_binary-2.9.13-cp312-cp312-musllinux_1_2_x86_64.whl", hash = "sha256:7e2405196a8cfe6cd3e54172a54452dcf85c241eaf2e9dde7190d7469f7f5ef7"},
    {file = "psycopg2_binary-2.9.13-cp312-cp312-win_amd64.whl", hash = "sha256:376ebf7d8aee4b7386b2bac31fdc27911e7e57cd0a88f1e038b8b149398ac008"},
    {file = "psycopg2_binary-2.9.13-cp313-cp313-macosx_10_13_x86_64.whl", hash = "sha256:4d66bfd44a46eb88cff0287929a4193fb45166b6c1f84bb1b233cc17ece0813c"},
    {file = "psycopg2_binary-2.9.13-cp313-cp313-macosx_11_0_arm64.whl", hash = "sha256:f818161d2302b3b3e9c75d5a1d0a5c5679e92e45cfec6432b9d5432dde5ff1f1"},
    {file = "psycopg2_binary-2.9.13-cp313-cp313-manylinux2014_ppc64le.manylinux_2_17_ppc64le.whl", hash = "sha256:31db6cba66df5231dfd91d9f69188bec3fe6c8baae384e93a0ce792067ee2d98"},
    {file = "psycopg2_binary-2.9.13-cp313-cp313-manylinux2014_x86_64.manylinux_2_17_x86_64.whl", hash = "sha256:f04ada42bcd537adbaf8b7f3140237a204e452a88d0c1831cfce69f7d2e59f4e"},
    {file = "psycopg2_binary-2.9.13-cp313-cp313-manylinux_2_27_aarch64.manylinux_2_28_aarch64.whl", hash = "sha256:aa37089795bd9701576edc2eb5849ce77a439eda9dfdfa47857449332cfa5292"},
    {file = "psycopg2_binary-2.9.13-cp313-cp313-manylinux_2_38_riscv64.manylinux_2_39_riscv64.whl", hash = "sha256:41c2eb569ebd0e1b02d30d361a46932923b193fe1b5e641fb4d547c75e218955"},
    {file = "psycopg2_binary-2.9.13-cp313-cp313-musllinux_1_2_aarch64.whl", hash = "sha256:3f699a5225094a5c61402984e2fc1eca20e940223e76767c88189efb0c313f69"},
    {file = "psycopg2_binary-2.9.13-cp313-cp313-musllinux_1_2_ppc64le.whl", hash = "sha256:5f04ae99c9fbb94c3197ec88599ed7db921f6adcddfe83687a74c7ead4037c22"},
    {file = "psycopg2_binary-2.9.13-cp313-cp313-musllinux_1_2_riscv64.whl", hash = "sha256:81404c37e0344ebcf10aac127d33d35137e5dbab1daf9f3deee46188fd5879c2"},
    {file = "psycopg2_binary-2.9.13-cp313-cp313-musllinux_1_2_x86_64.whl", hash = "sha256:feb7b1856f6ca805cc0e08739858f6cdfed8ce903390126af30343c62899a389"},
    {file = "psycopg2_binary-2.9.13-cp313-cp313-win_amd64.whl", hash = "sha256:691da68ae5dd7c3ac77514357d35ece7b1ba8b5f3e6c92735198aa6159c355c8"},
    {file = "psycopg2_binary-2.9.13-cp314-cp314-macosx_10_15_x86_64.whl", hash = "sha256:2ca263643ae37998ae04d18e431df34d0d61f12b47640dab585f14b6dbe00798"},
    {file = "psycopg2_binary-2.9.13-cp314-cp314-macosx_11_0_arm64.whl", hash = "sha256:4c0214c7da18a28d108aa7108c8a3cca8035c7911ec97ef9ec0827569c9a2720"},
    {file = "psycopg2_binary-2.9.13-cp314-cp314-manylinux2014_ppc64le.manylinux_2_17_ppc64le.whl", hash = "sha256:5d89e064bb12b40cad696cf4975e6da86f8c60f14cd06cb6c1bc0a7f5d01761f"},
    {file = "psycopg2_binary-2.9.13-cp314-cp314-manylinux2014_x86_64.manylinux_2_17_x86_64.whl", hash = "sha256:190c18b97d9ef72f2e88c451b6588af90d6bd7bf54cb94b963280dc86a2c7076"},
    {file = "psycopg2_binary-2.9.13-cp314-cp314-manylinux_2_27_aarch64.manylinux_2_28_aarch64.whl", hash = "sha256:c00ebe9a2f31151aade0db233dc1446513a95e92c39ce055ee097af0ae86be1c"},
    {file = "psycopg2_binary-2.9.13-cp314-cp314-manylinux_2_38_riscv64.manylinux_2_39_riscv64.whl", hash = "sha256:5085f7ff7b1e890f279577cedeb8c628957869a340fa34a39f7f406500b3c916"},
    {file = "psycopg2_binary-2.9.13-cp314-cp314-musllinux_1_2_aarch64.whl", hash = "sha256:4e55357d1943673d491bbabb171c891704fc6a22441fea539e05a5c27a79ea3c"},
    {file = "psycopg2_binary-2.9.13-cp314-cp314-musllinux_1_2_ppc64le.whl", hash = "sha256:3e60b06ec7f9dc3e5f1106d12706514b6d6b92c3dc438fcdf4e43e65cc660d1b"},
    {file = "psycopg2_binary-2.9.13-cp314-cp314-musllinux_1_2_riscv64.whl", hash = "sha256:dde942b46ce20f6c4464cdf551f3293207f803f4e4354454eb1f5599c3eb1fa1"},
    {file = "psycopg2_binary-2.9.13-cp314-cp314-musllinux_1_2_x86_64.whl", hash = "sha256:215777c62ce81c3b487cefdb6a41969944eb982309f91349ff3ca0323d6f17ed"},
    {file = "psycopg2_binary-2.9.13-cp314-cp314-win_amd64.whl", hash = "sha256:f3088eb80f58ed933c62d87128741d31e786edc862e23266d3c286763d646de0"},
    {file = "psycopg2_binary-2.9.13-cp315-cp315-macosx_10_15_x86_64.whl", hash = "sha256:38397def2d794ffde9db80f63d6820253e61b17483112652a318355f51a56f50"},
    {file = "psycopg2_binary-2.9.13-cp315-cp315-macosx_11_0_arm64.whl", hash = "sha256:dff5c70ed9789ccb0d97ff4a7da51dc523a255c4ec95df188fa5d44adcae4ea8"},
    {file = "psycopg2_binary-2.9.13-cp315-cp315-manylinux2014_ppc64le.manylinux_2_17_ppc64le.whl", hash = "sha256:08d3b81a6a91775c937abf97d4c58fc9142e8e35fb91c387d24f81d15c98e6cf"},
    {file = "psycopg2_binary-2.9.13-cp315-cp315-manylinux2014_x86_64.manylinux_2_17_x86_64.whl", hash = "sha256:541a487a9ccd72b5e38f37f27b0ce78cb7eb3e336e7b5277d45463010c03a7a8"},
    {file = "psycopg2_binary-2.9.13-cp315-cp315-manylinux_2_27_aarch64.manylinux_2_28_aarch64.whl", hash = "sha256:562fe2a43b30e781848dce63d9080c15414c777c96df348c4342558338cc7bf3"},
    {file = "psycopg2_binary-2.9.13-cp315-cp315-manylinux_2_38_riscv64.manylinux_2_39_riscv64.whl", hash = "sha256:dddfe650e7dda464d676c27fbedb5061f1ad05e1604627f54c770d7f799d36e9"},
    {file = "psycopg2_binary-2.9.13-cp315-cp315-musllinux_1_2_aarch64.whl", hash = "sha256:4ff0f575cbb14f30445858dcfdd751e043486f5290915df78a9818bc74042eff"},
    {file = "psycopg2_binary-2.9.13-cp315-cp315-musllinux_1_2_ppc64le.whl", hash = "sha256:d79530b4c1af657d5620a1d21b8e39f2996aa06821d5564d05b22d6b8cd413d0"},
    {file = "psycopg2_binary-2.9.13-cp315-cp315-musllinux_1_2_riscv64.whl", hash = "sha256:6ede8595767e19d30a7e8a84a7d47bfde6176d45d194fed08dbb68d1584a780b"},
    {file = "psycopg2_binary-2.9.13-cp315-cp315-musllinux_1_2_x86_64.whl", hash = "sha256:0ebcf3c4266a695df9d0ef51296155f60c86ac51cf82f0d0dd2e827255a891c5"},
    {file = "psycopg2_binary-2.9.13-cp315-cp315-win_amd64.whl", hash = "sha256:1752b9821f1377404d65ac43af03d59a1eccc57fb2c1eb8305f9a3fe8eb7a8ba"},
    {file = "psycopg2_binary-2.9.13.tar.gz", hash = "sha256:e324ecf60f952d21dd11413b8bbed0951bbd99579a06fd06f28bfc37737cd373"},
]

[[package]]
name = "pygments"
version = "2.21.0"
description = "Pygments is a syntax highlighting package written in Python."
optional = false
python-versions = ">=3.9"
groups = ["dev"]
files = [
    {file = "pygments-2.21.0-py3-none-any.whl", hash = "sha256:2363c69b61c4a97c838da3b130dcd6468f4848992b21a82f2a63ec34377137d9"},
    {file = "pygments-2.21.0.tar.gz", hash = "sha256:610ca751c9bc2492b38eb9a38a7fbc93edbbb2d7182edaf34e66ae493dee5c8c"},
]

[package.extras]
windows-terminal = ["colorama (>=0.4.6)"]

[[package]]
name = "pytest"
version = "9.1.1"
description = "pytest: simple powerful testing with Python"
optional = false
python-versions = ">=3.10"
groups = ["dev"]
files = [
    {file = "pytest-9.1.1-py3-none-any.whl", hash = "sha256:37a86b45efb9a47a61a36449063e8e18d0cab3161329fc099eb21783169c4f0c"},
    {file = "pytest-9.1.1.tar.gz", hash = "sha256:1088fbde8f2b49d95a549a195707afa7a76a3ce9bcadc26b6d71f0ffda5fe313"},
]

[package.dependencies]
colorama = {version = ">=0.4", markers = "sys_platform == \"win32\""}
iniconfig = ">=1.0.1"
packaging = ">=22"
pluggy = ">=1.5,<2"
pygments = ">=2.7.2"

[package.extras]
dev = ["argcomplete", "attrs (>=19.2)", "hypothesis (>=3.56)", "mock", "requests", "setuptools", "xmlschema"]

[[package]]
name = "ruff"
version = "0.17.0"
description = "An extremely fast Python linter and code formatter, written in Rust."
optional = false
python-versions = ">=3.7"
groups = ["dev"]
files = [
    {file = "ruff-0.17.0-py3-none-linux_armv6l.whl", hash = "sha256:0e271826af9a20d18c6cfae8c51e82959167c24859686ddd3eb9a7f0842ce81e"},
    {file = "ruff-0.17.0-py3-none-macosx_10_12_x86_64.whl", hash = "sha256:5f0ca4a40f81403689c04f12966e22f44e329ae362072d8f1587b7bda87f603b"},
    {file = "ruff-0.17.0-py3-none-macosx_11_0_arm64.whl", hash = "sha256:cbf7149e0927dc3295d5d64679a4765576eef71b00782b2ae969ef82274d6bb9"},
    {file = "ruff-0.17.0-py3-none-manylinux_2_17_aarch64.manylinux2014_aarch64.whl", hash = "sha256:13ee90156522998c3037059d8f66885c8adeeaf7643bdce2caceee196ecd23e0"},
    {file = "ruff-0.17.0-py3-none-manylinux_2_17_armv7l.manylinux2014_armv7l.whl", hash = "sha256:3d8e4a002a94cd9d0dc48b51dc69d807a172b5b9bf2b668e656424dc5b55ead1"},
    {file = "ruff-0.17.0-py3-none-manylinux_2_17_i686.manylinux2014_i686.whl", hash = "sha256:c0b8a60c06a218c337e1161638d34757f83449243e2db161483ddf948e53ad14"},
    {file = "ruff-0.17.0-py3-none-manylinux_2_17_ppc64le.manylinux2014_ppc64le.whl", hash = "sha256:a330178bdffc4205dbf3bda11d93e059e388fd6546f8cdd304501a9160363c0d"},
    {file = "ruff-0.17.0-py3-none-manylinux_2_17_s390x.manylinux2014_s390x.whl", hash = "sha256:7bb08489e234876fa2da67ae3ea938e9a2156da80293e0e4365abd6973d98329"},
    {file = "ruff-0.17.0-py3-none-manylinux_2_17_x86_64.manylinux2014_x86_64.whl", hash = "sha256:bc73e7c133e82d55b5f15897b2a442d72c0cb4a0c886c46801ce3c247150b60c"},
    {file = "ruff-0.17.0-py3-none-manylinux_2_31_riscv64.whl", hash = "sha256:db4f74c533403ab70fe4007873f6ae0c9f94a8b03158cf48d78788e47cdbe399"},
    {file = "ruff-0.17.0-py3-none-musllinux_1_2_aarch64.whl", hash = "sha256:3d8cc360e666d1914e47b0777c6906d70cf18891a55532bd0a16844195d70859"},
    {file = "ruff-0.17.0-py3-none-musllinux_1_2_armv7l.whl", hash = "sha256:d66de796b726c4801e05fa99a2a8d7a780e107be222486c304ab61765561e866"},
    {file = "ruff-0.17.0-py3-none-musllinux_1_2_i686.whl", hash = "sha256:c3f268baf004aea944f040623327119527ea231af15f7fb7890e82cea0679589"},
    {file = "ruff-0.17.0-py3-none-musllinux_1_2_x86_64.whl", hash = "sha256:864b6c1acb6b0bccf94b5a3938a1531fd09aaca5e5659a2e7bf0f3cf2a685540"},
    {file = "ruff-0.17.0-py3-none-win32.whl", hash = "sha256:5e50aa5b84decd9fe5b0bb0e6f71c3b592f1767ed09faa4b7207d933961e35cd"},
    {file = "ruff-0.17.0-py3-none-win_amd64.whl", hash = "sha256:8ab76bcda86dfd28e13776cb5de3c7bcdcf1ae3d37ed761113d1a5a415dc134c"},
    {file = "ruff-0.17.0-py3-none-win_arm64.whl", hash = "sha256:c154c73ff43f9854395e24cac507af13078962e53d2b511605058d22af1fdb88"},
    {file = "ruff-0.17.0.tar.gz", hash = "sha256:5cd03240d8208a557c2a9655a5cb07ebe36aa6bb35065f97d48c1f6adef5a322"},
]

[[package]]
name = "sqlparse"
version = "0.6.0"
description = "A non-validating SQL parser."
optional = false
python-versions = ">=3.10"
groups = ["main"]
files = [
    {file = "sqlparse-0.6.0-py3-none-any.whl", hash = "sha256:b861c0288ce2fa56209a9a6412d2e066ac664b3873b89c26c9d8415e8e32996f"},
    {file = "sqlparse-0.6.0.tar.gz", hash = "sha256:113c35c75365ab9cc9c7231d68c6428fb11c085fc8e9eb1ad659b7ddbf6cd2b9"},
]

[package.extras]
dev = ["build"]
doc = ["furo", "sphinx"]

[[package]]
name = "taskipy"
version = "1.14.1"
description = "tasks runner for python projects"
optional = false
python-versions = "<4.0,>=3.6"
groups = ["dev"]
files = [
    {file = "taskipy-1.14.1-py3-none-any.whl", hash = "sha256:6e361520f29a0fd2159848e953599f9c75b1d0b047461e4965069caeb94908f1"},
    {file = "taskipy-1.14.1.tar.gz", hash = "sha256:410fbcf89692dfd4b9f39c2b49e1750b0a7b81affd0e2d7ea8c35f9d6a4774ed"},
]

[package.dependencies]
colorama = ">=0.4.4,<0.5.0"
mslex = {version = ">=1.1.0,<2.0.0", markers = "sys_platform == \"win32\""}
psutil = ">=5.7.2,<7"
tomli = {version = ">=2.0.1,<3.0.0", markers = "python_version >= \"3.7\" and python_version < \"4.0\""}

[[package]]
name = "tomli"
version = "2.5.0"
description = "A lil' TOML parser"
optional = false
python-versions = ">=3.8"
groups = ["dev"]
files = [
    {file = "tomli-2.5.0-cp311-cp311-macosx_10_9_x86_64.whl", hash = "sha256:c4dc1c1781f2f716de763d1e9a7b34c6a894e167e291c7c5d16c72f7a9538545"},
    {file = "tomli-2.5.0-cp311-cp311-macosx_11_0_arm64.whl", hash = "sha256:eff8babca5a7999bc137acbc7482a8b7e17ffca5075ab41f5d770ab408c7bfef"},
    {file = "tomli-2.5.0-cp311-cp311-manylinux2014_aarch64.manylinux_2_17_aarch64.manylinux_2_28_aarch64.whl", hash = "sha256:86665cee9c4835b7a7f1e8ec2c719b5258d4dc782887aded5a8ae7352a96843b"},
    {file = "tomli-2.5.0-cp311-cp311-manylinux2014_x86_64.manylinux_2_17_x86_64.manylinux_2_28_x86_64.whl", hash = "sha256:d7e369fd63331746182360977b1892bfc215476a30d61612d732425311639f56"},
    {file = "tomli-2.5.0-cp311-cp311-musllinux_1_2_aarch64.whl", hash = "sha256:7ad1ea345759240d6463efa0ed1c704402752e49aa21476620738d74d72d8aa1"},
    {file = "tomli-2.5.0-cp311-cp311-musllinux_1_2_x86_64.whl", hash = "sha256:96243987194634bd411066ce40c952e108f86af04db533ecd8ac3ff2a85b1885"},
    {file = "tomli-2.5.0-cp311-cp311-win32.whl", hash = "sha256:610b27d99f28ec5f191c7064a48f3ddb179a1fe6ca73d571483ae859f57b605e"},
    {file = "tomli-2.5.0-cp311-cp311-win_amd64.whl", hash = "sha256:c804ae44fe7b4bab5da295e4f980a1ff04670bca9d23fe0a4e887e08ebd741a8"},
    {file = "tomli-2.5.0-cp311-cp311-win_arm64.whl", hash = "sha256:cfac177ebd6236003846ea339981f71457cb6eb748f23381eb257e45092e3980"},
    {file = "tomli-2.5.0-cp312-cp312-macosx_10_13_x86_64.whl", hash = "sha256:1f4a40d03fb9f63424f0979855bdeaf44dd7696b8d59501822c10ed30ba532df"},
    {file = "tomli-2.5.0-cp312-cp312-macosx_11_0_arm64.whl", hash = "sha256:9ebf8d19b17bd0daeb7b7dec81a946a439b753942fd0210d6e96c532249eea6b"},
    {file = "tomli-2.5.0-cp312-cp312-manylinux2014_aarch64.manylinux_2_17_aarch64.manylinux_2_28_aarch64.whl", hash = "sha256:bf0b5e8e0f68ebb494356e577c06c139161efd8d3b9050f93b39b7c26cc54ff0"},
    {file = "tomli-2.5.0-cp312-cp312-manylinux2014_x86_64.manylinux_2_17_x86_64.manylinux_2_28_x86_64.whl", hash = "sha256:6cf74416bdc94ae458b14e37286c1073081850ac8459a00d0c5efef5d44294c6"},
    {file = "tomli-2.5.0-cp312-cp312-musllinux_1_2_aarch64.whl", hash = "sha256:61ea1ebe1e55a34ea8199cc8dbff398d35027b82271c8ac4802fd3a1fd5b1bcc"},
    {file = "tomli-2.5.0-cp312-cp312-musllinux_1_2_x86_64.whl", hash = "sha256:ed53f7e89bb04f6d9e8e7799112360b0c4d5cbff067de0814c98c37c39b920f7"},
    {file = "tomli-2.5.0-cp312-cp312-win32.whl", hash = "sha256:e7ad033e27a516a233bea839cdb77b80146facb3b4f40bf02cd0cac165cdd5c2"},
    {file = "tomli-2.5.0-cp312-cp312-win_amd64.whl", hash = "sha256:bd05de8c1698f8413dd7d869492693a0bf2211543b787ac78cd5e7536af1a6d7"},
    {file = "tomli-2.5.0-cp312-cp312-win_arm64.whl", hash = "sha256:069435bd5480429b98c5e5afb02ab21c219b6f0064680671c6dc0d46817346ea"},
    {file = "tomli-2.5.0-cp313-cp313-macosx_10_13_x86_64.whl", hash = "sha256:943276cf269e0071948d9ff697159c1735e623c1151d88abb09b74659ef0cbea"},
    {file = "tomli-2.5.0-cp313-cp313-macosx_11_0_arm64.whl", hash = "sha256:463b16086865b97facd8d0b3fb4cb7c544e3f58d2a69dc3113d6db9653fdb043"},
    {file = "tomli-2.5.0-cp313-cp313-manylinux2014_aarch64.manylinux_2_17_aarch64.manylinux_2_28_aarch64.whl", hash = "sha256:1245a6638fc4bb0a60af38a7d45413db34a13842027c77597c712c998c62fdf0"},
    {file = "tomli-2.5.0-cp313-cp313-manylinux2014_x86_64.manylinux_2_17_x86_64.manylinux_2_28_x86_64.whl", hash = "sha256:5d8bac3d603c97e6854424e5b2b5b741bdbde387e09f162fb0446812b4a8362b"},
    {file = "tomli-2.5.0-cp313-cp313-musllinux_1_2_aarch64.whl", hash = "sha256:21e4cae4114aba25aa0d4f85cdf486d290fb35c0954d7bba536248da64d43066"},
    {file = "tomli-2.5.0-cp313-cp313-musllinux_1_2_x86_64.whl", hash = "sha256:bbaefc84548d754be821bba7c4141c4787dda182f9e77f2f87b71213529efa7b"},
    {file = "tomli-2.5.0-cp313-cp313-win32.whl", hash = "sha256:abdbf6313b8d9efe157edeb7ab6eae4de064b1300ad31abf73755154b30abe68"},
    {file = "tomli-2.5.0-cp313-cp313-win_amd64.whl", hash = "sha256:fd4dc129784e0c5335bd4e61dfcc4487499a013419e655cf2da1d091b7e0efdc"},
    {file = "tomli-2.5.0-cp313-cp313-win_arm64.whl", hash = "sha256:69491c143d2fe063046e0301e62a810bed338fa4d1ce0fd870c27dc1e09b0d84"},
    {file = "tomli-2.5.0-cp314-cp314-macosx_10_15_x86_64.whl", hash = "sha256:d3182ee2d887e507bd67319a0a61105d1dd33facc111329559a233b772c1a105"},
    {file = "tomli-2.5.0-cp314-cp314-macosx_11_0_arm64.whl", hash = "sha256:521345fd1f19d45b8df87657aaa38b6f2ca3800059fadf428e7ebf479a383646"},
    {file = "tomli-2.5.0-cp314-cp314-manylinux2014_aarch64.manylinux_2_17_aarch64.manylinux_2_28_aarch64.whl", hash = "sha256:6e95c7614e705bfe2b04b27aa124adec59752d15813df37e2156747cab3a006b"},
    {file = "tomli-2.5.0-cp314-cp314-manylinux2014_x86_64.manylinux_2_17_x86_64.manylinux_2_28_x86_64.whl", hash = "sha256:7ac2027d37c3afbdf4bdd377f2676f6f1d2122a5be1f1137b49dced590b37e75"},
    {file = "tomli-2.5.0-cp314-cp314-musllinux_1_2_aarch64.whl", hash = "sha256:c414be4ed9d3cac80c42e348fa5a956117d1a48227f48026e31f59cb4a7671eb"},
    {file = "tomli-2.5.0-cp314-cp314-musllinux_1_2_x86_64.whl", hash = "sha256:9b03d7dc168353b4132965bde20feceabaa470e570c6f59660dfae59b1f9eeb3"},
    {file = "tomli-2.5.0-cp314-cp314-win32.whl", hash = "sha256:6f041843c4d3a37245c0c056fd955b186bf8b1fb85690cbe40b81230891dc34b"},
    {file = "tomli-2.5.0-cp314-cp314-win_amd64.whl", hash = "sha256:f4b653094e18f9031102d3a1da5c729c8f222d85225b18037dac621695e46e1a"},
    {file = "tomli-2.5.0-cp314-cp314-win_arm64.whl", hash = "sha256:3f89d10c1ff6a38d992c27fc8a4816af71a909e08a40ec66934240b1e74347c3"},
    {file = "tomli-2.5.0-cp314-cp314t-macosx_10_15_x86_64.whl", hash = "sha256:e9e15b4a6c7dd6b85b5fbab29488a73f1f70de516942308daa266bf0e0aeb0d4"},
    {file = "tomli-2.5.0-cp314-cp314t-macosx_11_0_arm64.whl", hash = "sha256:e12bbcd32897272fb05929110362ae9ff4c1b9bb26bd9e971e71dcd3275b4c3d"},
    {file = "tomli-2.5.0-cp314-cp314t-manylinux2014_aarch64.manylinux_2_17_aarch64.manylinux_2_28_aarch64.whl", hash = "sha256:20aa36de8f2cf87237143bc1fa1aae8d6612c09118f4da21c6a684db5dd1f6f9"},
    {file = "tomli-2.5.0-cp314-cp314t-manylinux2014_x86_64.manylinux_2_17_x86_64.manylinux_2_28_x86_64.whl", hash = "sha256:22185fad8a1e622f064e78008018a0dd3323550dcb479cb7a1d296888d74024f"},
    {file = "tomli-2.5.0-cp314-cp314t-musllinux_1_2_aarch64.whl", hash = "sha256:984012f71908165449a951de2050d52f276bfe3aa5d5f570f63ddad814370374"},
    {file = "tomli-2.5.0-cp314-cp314t-musllinux_1_2_x86_64.whl", hash = "sha256:f79203b3965b4000e91808aaa7c040206093f2b8bf86f455982f2274c9ccf442"},
    {file = "tomli-2.5.0-cp314-cp314t-win32.whl", hash = "sha256:91294a9fb94a75542f6e46e4a2ae709bd8d9b51134098cae5cf3bea5478b6d03"},
    {file = "tomli-2.5.0-cp314-cp314t-win_amd64.whl", hash = "sha256:f15e3e0b835a6d68b10c86bf80a3149780498d6911c93c3ffd1861d19f9200f1"},
    {file = "tomli-2.5.0-cp314-cp314t-win_arm64.whl", hash = "sha256:6664b7ae7af7294256c53960a6103077f4914cec8ff98479c352f622c6f6b2f0"},
    {file = "tomli-2.5.0-cp315-cp315-macosx_10_15_x86_64.whl", hash = "sha256:a525685c2f97da40762b8695eb7aa0af4c8344ca1905c73e4e29cb04d34607dc"},
    {file = "tomli-2.5.0-cp315-cp315-macosx_11_0_arm64.whl", hash = "sha256:9dbb18c1cfb2f6517942fc9314437f66aa06d94436ffb1f06102ef3572f35276"},
    {file = "tomli-2.5.0-cp315-cp315-manylinux2014_aarch64.manylinux_2_17_aarch64.manylinux_2_28_aarch64.whl", hash = "sha256:752e8b1aa6a4367ef8bf6a1a1e005540f7ed055ba36d7193796812ca5404eb52"},
    {file = "tomli-2.5.0-cp315-cp315-manylinux2014_x86_64.manylinux_2_17_x86_64.manylinux_2_28_x86_64.whl", hash = "sha256:c47300f9bf791808f77d82747691c4bb09cb14bdf3060cca99b42cdc4361d5a7"},
    {file = "tomli-2.5.0-cp315-cp315-musllinux_1_2_aarch64.whl", hash = "sha256:19b0dd8749f4ea2f112c5fcfb3c5248390c899d7e2e173f1d91abee1fa0ff391"},
    {file = "tomli-2.5.0-cp315-cp315-musllinux_1_2_x86_64.whl", hash = "sha256:57b1c3b01fab802e2899bc3d168dca320e14165e2fd9fd584760fb4ca5826859"},
    {file = "tomli-2.5.0-cp315-cp315-win32.whl", hash = "sha256:667e521b37a6c5ccaa044202c235b530f90177ffe2cd4a64ecc213c7dd535feb"},
    {file = "tomli-2.5.0-cp315-cp315-win_amd64.whl", hash = "sha256:d747252933c8a65ef6bd8da0fbb7ce28a90eb6119d8cd00772cd528aa07b68d5"},
    {file = "tomli-2.5.0-cp315-cp315-win_arm64.whl", hash = "sha256:75dbcde8751b0a960aa3de173aa5e894d590755c6d7758b7e774c06f1dc3cbdd"},
    {file = "tomli-2.5.0-cp315-cp315t-macosx_10_15_x86_64.whl", hash = "sha256:2419c2a189551987b59d80e63ec355671283336f41c6b9b89462df679c7d0c57"},
    {file = "tomli-2.5.0-cp315-cp315t-macosx_11_0_arm64.whl", hash = "sha256:0dc598040da8d42cf20f0be588ed7004f46db12a0ac6c32e03a59dccedaaadcd"},
    {file = "tomli-2.5.0-cp315-cp315t-manylinux2014_aarch64.manylinux_2_17_aarch64.manylinux_2_28_aarch64.whl", hash = "sha256:49096930c8d886c9bbdab62d2d0d17ce823ddeea522309a190b36245d5b49e01"},
    {file = "tomli-2.5.0-cp315-cp315t-manylinux2014_x86_64.manylinux_2_17_x86_64.manylinux_2_28_x86_64.whl", hash = "sha256:b8ade5023067f99fe72b88accd30d0ea05a158e9e32a11f124e731ea9695313f"},
    {file = "tomli-2.5.0-cp315-cp315t-musllinux_1_2_aarch64.whl", hash = "sha256:b69564772b5c8f22ea5f498dff08cfa825045b4d4c4400529000bdf818aa3b2a"},
    {file = "tomli-2.5.0-cp315-cp315t-musllinux_1_2_x86_64.whl", hash = "sha256:8ff3a2ca028c7eee0c777f9a092038d0a594a9fa04e215f929a22c329e2cb142"},
    {file = "tomli-2.5.0-cp315-cp315t-win32.whl", hash = "sha256:62fc1bc8eb03e3a9cadfca713d65614ed8e09d974a283295ffe3a831976b4dc5"},
    {file = "tomli-2.5.0-cp315-cp315t-win_amd64.whl", hash = "sha256:f3fcbc57b1791fa6cbe5d8434179d51de12be1a4811469529f47f6e7487a2571"},
    {file = "tomli-2.5.0-cp315-cp315t-win_arm64.whl", hash = "sha256:d2ba24db8a9376921b5e87b4762b9adb0f3f1deaea68f2b8b0bb2c11efb9c3e7"},
    {file = "tomli-2.5.0-py3-none-any.whl", hash = "sha256:32a7b79ac57a2e83670ce329ccf675798bc5a2094783a63676866b70503f2e2b"},
    {file = "tomli-2.5.0.tar.gz", hash = "sha256:264507556cd8b8c8e7c6ee037cdf443a463f03f4c958e57195e3d369711b8ff6"},
]

[[package]]
name = "tzdata"
version = "2026.5"
description = "Provider of IANA time zone data"
optional = false
python-versions = ">=2"
groups = ["main"]
markers = "sys_platform == \"win32\""
files = [
    {file = "tzdata-2026.5-py2.py3-none-any.whl", hash = "sha256:b683bd1b6659ddcd810ff02ad09ba821d4bf1065072805063eb35c49617905ac"},
    {file = "tzdata-2026.5.tar.gz", hash = "sha256:8cc73c0a0bfca7dbfa59235d60b2eff82231dee33f53d206db1acd9173cfc0a7"},
]

[metadata]
lock-version = "2.1"
python-versions = ">=3.13,<4.0"
content-hash = "c2ef1de13acac51614aee57a7b1bb24f8ff72edec8e7d391ab8b154234400965"
